
Microsoft Visual Studio Solution File, Format Version 12.00
# Visual Studio Version 16
VisualStudioVersion = 16.0.30413.136
MinimumVisualStudioVersion = 10.0.40219.1
Project("{FAE04EC0-301F-11D3-BF4B-00C04F79EFBC}") = "MapsSim", "MapsSim\MapsSim.csproj", "{5C601274-DABE-47CE-83EA-C758AAB538F0}"
EndProject
Global
	GlobalSection(SolutionConfigurationPlatforms) = preSolution
		Debug|x64 = Debug|x64
		Release|x64 = Release|x64
	EndGlobalSection
	GlobalSection(ProjectConfigurationPlatforms) = postSolution
		{5C601274-DABE-47CE-83EA-C758AAB538F0}.Debug|x64.ActiveCfg = Debug|x64
		{5C601274-DABE-47CE-83EA-C758AAB538F0}.Debug|x64.Build.0 = Debug|x64
		{5C601274-DABE-47CE-83EA-C758AAB538F0}.Release|x64.ActiveCfg = Release|x64
		{5C601274-DABE-47CE-83EA-C758AAB538F0}.Release|x64.Build.0 = Release|x64
	EndGlobalSection
	GlobalSection(SolutionProperties) = preSolution
		HideSolutionNode = FALSE
	EndGlobalSection
	GlobalSection(ExtensibilityGlobals) = postSolution
		SolutionGuid = {905934E2-B1D9-4673-B0B0-83C4C2E5787D}
	EndGlobalSection
EndGlobal
